PODS:
  - Quick (1.2.0)
  - XcodeTestNavigatorFix (0.1.0)

DEPENDENCIES:
  - Quick
  - XcodeTestNavigatorFix

SPEC CHECKSUMS:
  Quick: 58d203b1c5e27fff7229c4c1ae445ad7069a7a08
  XcodeTestNavigatorFix: da25bbc08dc4df0e98030b02375a5dc2e9947052

PODFILE CHECKSUM: c060b6f77d5940173a9db98dd11640f70c4ccf71

COCOAPODS: 1.3.1
